
Microsoft Visual Studio Solution File, Format Version 12.00
# Visual Studio Version 17
VisualStudioVersion = 17.0.31903.59
MinimumVisualStudioVersion = 10.0.40219.1
Project("{2150E333-8FDC-42A3-9474-1A3956D46DE8}") = "Sns", "Sns", "{B309E2C1-C9DD-42C2-8374-BDCE55F061AB}"
EndProject
Project("{FAE04EC0-301F-11D3-BF4B-00C04F79EFBC}") = "SnsConsumer", "Sns\SnsConsumer\SnsConsumer.csproj", "{DFDFCB7E-CA46-4F84-9B38-A69F124236B1}"
EndProject
Project("{FAE04EC0-301F-11D3-BF4B-00C04F79EFBC}") = "SnsPublisher", "Sns\SnsPublisher\SnsPublisher.csproj", "{A689A40A-EF4A-4224-B811-1E03A1843786}"
EndProject
Project("{2150E333-8FDC-42A3-9474-1A3956D46DE8}") = "Sqs", "Sqs", "{FD2709CA-0370-4341-B086-97B871B50E0B}"
EndProject
Project("{FAE04EC0-301F-11D3-BF4B-00C04F79EFBC}") = "SqsPublisher", "Sqs\SqsPublisher\SqsPublisher.csproj", "{BB2FB343-1C2E-490E-A470-0C39A144561C}"
EndProject
Project("{FAE04EC0-301F-11D3-BF4B-00C04F79EFBC}") = "SqsConsumer", "Sqs\SqsConsumer\SqsConsumer.csproj", "{87BA0827-D239-428C-9A4B-B759751A5074}"
EndProject
Project("{FAE04EC0-301F-11D3-BF4B-00C04F79EFBC}") = "Customers.Api", "Sqs\Customers.Api\Customers.Api.csproj", "{96E33C0D-FE15-496E-9983-DACA0759A214}"
EndProject
Project("{FAE04EC0-301F-11D3-BF4B-00C04F79EFBC}") = "Customers.Consumer", "Sqs\Customers.Consumer\Customers.Consumer.csproj", "{B5A02C73-EEC9-4A06-A30A-CCBAD86988F6}"
EndProject
Project("{FAE04EC0-301F-11D3-BF4B-00C04F79EFBC}") = "Customers.Consumer", "Sns\Customers.Consumer\Customers.Consumer.csproj", "{085EAA10-D575-4216-8FC7-BACB29502823}"
EndProject
Project("{FAE04EC0-301F-11D3-BF4B-00C04F79EFBC}") = "Customers.Api", "Sns\Customers.Api\Customers.Api.csproj", "{113F1D77-1638-42F5-B0B6-035154B77F5E}"
EndProject
Global
	GlobalSection(SolutionConfigurationPlatforms) = preSolution
		Debug|Any CPU = Debug|Any CPU
		Release|Any CPU = Release|Any CPU
	EndGlobalSection
	GlobalSection(SolutionProperties) = preSolution
		HideSolutionNode = FALSE
	EndGlobalSection
	GlobalSection(ProjectConfigurationPlatforms) = postSolution
		{DFDFCB7E-CA46-4F84-9B38-A69F124236B1}.Debug|Any CPU.ActiveCfg = Debug|Any CPU
		{DFDFCB7E-CA46-4F84-9B38-A69F124236B1}.Debug|Any CPU.Build.0 = Debug|Any CPU
		{DFDFCB7E-CA46-4F84-9B38-A69F124236B1}.Release|Any CPU.ActiveCfg = Release|Any CPU
		{DFDFCB7E-CA46-4F84-9B38-A69F124236B1}.Release|Any CPU.Build.0 = Release|Any CPU
		{A689A40A-EF4A-4224-B811-1E03A1843786}.Debug|Any CPU.ActiveCfg = Debug|Any CPU
		{A689A40A-EF4A-4224-B811-1E03A1843786}.Debug|Any CPU.Build.0 = Debug|Any CPU
		{A689A40A-EF4A-4224-B811-1E03A1843786}.Release|Any CPU.ActiveCfg = Release|Any CPU
		{A689A40A-EF4A-4224-B811-1E03A1843786}.Release|Any CPU.Build.0 = Release|Any CPU
		{BB2FB343-1C2E-490E-A470-0C39A144561C}.Debug|Any CPU.ActiveCfg = Debug|Any CPU
		{BB2FB343-1C2E-490E-A470-0C39A144561C}.Debug|Any CPU.Build.0 = Debug|Any CPU
		{BB2FB343-1C2E-490E-A470-0C39A144561C}.Release|Any CPU.ActiveCfg = Release|Any CPU
		{BB2FB343-1C2E-490E-A470-0C39A144561C}.Release|Any CPU.Build.0 = Release|Any CPU
		{87BA0827-D239-428C-9A4B-B759751A5074}.Debug|Any CPU.ActiveCfg = Debug|Any CPU
		{87BA0827-D239-428C-9A4B-B759751A5074}.Debug|Any CPU.Build.0 = Debug|Any CPU
		{87BA0827-D239-428C-9A4B-B759751A5074}.Release|Any CPU.ActiveCfg = Release|Any CPU
		{87BA0827-D239-428C-9A4B-B759751A5074}.Release|Any CPU.Build.0 = Release|Any CPU
		{96E33C0D-FE15-496E-9983-DACA0759A214}.Debug|Any CPU.ActiveCfg = Debug|Any CPU
		{96E33C0D-FE15-496E-9983-DACA0759A214}.Debug|Any CPU.Build.0 = Debug|Any CPU
		{96E33C0D-FE15-496E-9983-DACA0759A214}.Release|Any CPU.ActiveCfg = Release|Any CPU
		{96E33C0D-FE15-496E-9983-DACA0759A214}.Release|Any CPU.Build.0 = Release|Any CPU
		{B5A02C73-EEC9-4A06-A30A-CCBAD86988F6}.Debug|Any CPU.ActiveCfg = Debug|Any CPU
		{B5A02C73-EEC9-4A06-A30A-CCBAD86988F6}.Debug|Any CPU.Build.0 = Debug|Any CPU
		{B5A02C73-EEC9-4A06-A30A-CCBAD86988F6}.Release|Any CPU.ActiveCfg = Release|Any CPU
		{B5A02C73-EEC9-4A06-A30A-CCBAD86988F6}.Release|Any CPU.Build.0 = Release|Any CPU
		{085EAA10-D575-4216-8FC7-BACB29502823}.Debug|Any CPU.ActiveCfg = Debug|Any CPU
		{085EAA10-D575-4216-8FC7-BACB29502823}.Debug|Any CPU.Build.0 = Debug|Any CPU
		{085EAA10-D575-4216-8FC7-BACB29502823}.Release|Any CPU.ActiveCfg = Release|Any CPU
		{085EAA10-D575-4216-8FC7-BACB29502823}.Release|Any CPU.Build.0 = Release|Any CPU
		{113F1D77-1638-42F5-B0B6-035154B77F5E}.Debug|Any CPU.ActiveCfg = Debug|Any CPU
		{113F1D77-1638-42F5-B0B6-035154B77F5E}.Debug|Any CPU.Build.0 = Debug|Any CPU
		{113F1D77-1638-42F5-B0B6-035154B77F5E}.Release|Any CPU.ActiveCfg = Release|Any CPU
		{113F1D77-1638-42F5-B0B6-035154B77F5E}.Release|Any CPU.Build.0 = Release|Any CPU
	EndGlobalSection
	GlobalSection(NestedProjects) = preSolution
		{DFDFCB7E-CA46-4F84-9B38-A69F124236B1} = {B309E2C1-C9DD-42C2-8374-BDCE55F061AB}
		{A689A40A-EF4A-4224-B811-1E03A1843786} = {B309E2C1-C9DD-42C2-8374-BDCE55F061AB}
		{BB2FB343-1C2E-490E-A470-0C39A144561C} = {FD2709CA-0370-4341-B086-97B871B50E0B}
		{87BA0827-D239-428C-9A4B-B759751A5074} = {FD2709CA-0370-4341-B086-97B871B50E0B}
		{96E33C0D-FE15-496E-9983-DACA0759A214} = {FD2709CA-0370-4341-B086-97B871B50E0B}
		{B5A02C73-EEC9-4A06-A30A-CCBAD86988F6} = {FD2709CA-0370-4341-B086-97B871B50E0B}
		{085EAA10-D575-4216-8FC7-BACB29502823} = {B309E2C1-C9DD-42C2-8374-BDCE55F061AB}
		{113F1D77-1638-42F5-B0B6-035154B77F5E} = {B309E2C1-C9DD-42C2-8374-BDCE55F061AB}
	EndGlobalSection
EndGlobal
